# This file is generated by running "yarn install" inside your project.
# Manual changes might be lost - proceed with caution!

__metadata:
  version: 8
  cacheKey: 10c0

"@asdfgertyjhnpm/nesciunt-molestias-reprehenderit-occaecati@npm:^1.0.0":
  version: 1.0.0
  resolution: "@asdfgertyjhnpm/nesciunt-molestias-reprehenderit-occaecati@npm:1.0.0"
  dependencies:
    "@crabas0npm/accusamus-laudantium-veniam-veniam": "npm:^1.0.0"
    "@crabas0npm/quos-officiis-at-eveniet": "npm:^1.0.0"
  checksum: 10c0/29d86d7a4e66ea24c2d407175dedb86fbddca0574fbd9f7f47223af332b9f1a423e4d50c2e460a5c3fe41f0edf802c9711f58d70e6d2bfd3df2b4eef02de484b
  languageName: node
  linkType: hard

"@crabas0npm/accusamus-laudantium-veniam-veniam@npm:^1.0.0":
  version: 1.0.0
  resolution: "@crabas0npm/accusamus-laudantium-veniam-veniam@npm:1.0.0"
  dependencies:
    "@crabas0npm/accusantium-repellendus-sint-consequuntur": "npm:^1.0.0"
    "@crabas0npm/alias-consequuntur-hic-enim": "npm:^1.0.0"
    "@crabas0npm/aliquid-vitae-magnam-perspiciatis": "npm:^1.0.0"
    "@crabas0npm/aut-cupiditate-quam-dicta": "npm:^1.0.0"
    "@crabas0npm/blanditiis-est-molestias-a": "npm:^1.0.0"
    "@crabas0npm/consectetur-impedit-exercitationem-error": "npm:^1.0.0"
    "@crabas0npm/corporis-rerum-reprehenderit-voluptates": "npm:^1.0.0"
    "@crabas0npm/delectus-dolorem-consectetur-corrupti": "npm:^1.0.0"
    "@crabas0npm/ea-nisi-earum-mollitia": "npm:^1.0.0"
    "@crabas0npm/et-perspiciatis-eius-modi": "npm:^1.0.0"
    "@crabas0npm/expedita-magnam-quia-perferendis": "npm:^1.0.0"
    "@crabas0npm/expedita-optio-recusandae-nesciunt": "npm:^1.0.0"
    "@crabas0npm/expedita-voluptas-corrupti-ullam": "npm:^1.0.0"
    "@crabas0npm/facilis-doloribus-provident-optio": "npm:^1.0.0"
    "@crabas0npm/fugiat-necessitatibus-recusandae-quo": "npm:^1.0.0"
    "@crabas0npm/maxime-sequi-nam-facere": "npm:^1.0.0"
    "@crabas0npm/minus-iure-ipsum-temporibus": "npm:^1.0.0"
    "@crabas0npm/nulla-minima-vero-facere": "npm:^1.0.0"
    "@crabas0npm/odio-exercitationem-ducimus-provident": "npm:^1.0.0"
    "@crabas0npm/officia-nostrum-at-hic": "npm:^1.0.0"
    "@crabas0npm/officiis-labore-tempora-sint": "npm:^1.0.0"
    "@crabas0npm/omnis-neque-asperiores-rerum": "npm:^1.0.0"
    "@crabas0npm/optio-sequi-optio-quidem": "npm:^1.0.0"
    "@crabas0npm/porro-voluptatem-consectetur-beatae": "npm:^1.0.0"
    "@crabas0npm/possimus-sit-repellat-perspiciatis": "npm:^1.0.0"
    "@crabas0npm/quo-dolorem-molestiae-porro": "npm:^1.0.0"
    "@crabas0npm/ratione-nisi-deleniti-provident": "npm:^1.0.0"
    "@crabas0npm/ratione-voluptatibus-quo-sed": "npm:^1.0.0"
    "@crabas0npm/repellendus-illum-cum-fugit": "npm:^1.0.0"
    "@crabas0npm/unde-quos-asperiores-modi": "npm:^1.0.0"
    "@wemnyelezxnpm/excepturi-odit-culpa-magnam": "npm:^1.0.0"
    "@wemnyelezxnpm/inventore-totam-iste-pariatur": "npm:^1.0.0"
    "@wemnyelezxnpm/tenetur-architecto-laborum-hic": "npm:^1.0.0"
  checksum: 10c0/0082213942a124824bd028fa2552fe9fee223f9be7a3e608e2c99f2e43e3f887413a1ea0011b8fe2764b99c804a93ac5f3a18872403c277e8395cd24085f7478
  languageName: node
  linkType: hard

"@crabas0npm/accusantium-repellendus-sint-consequuntur@npm:^1.0.0":
  version: 1.0.0
  resolution: "@crabas0npm/accusantium-repellendus-sint-consequuntur@npm:1.0.0"
  dependencies:
    "@crabas0npm/aliquid-vitae-magnam-perspiciatis": "npm:^1.0.0"
    "@crabas0npm/blanditiis-est-molestias-a": "npm:^1.0.0"
    "@crabas0npm/minus-iure-ipsum-temporibus": "npm:^1.0.0"
    "@crabas0npm/repellendus-illum-cum-fugit": "npm:^1.0.0"
  checksum: 10c0/768799c05e96a26387bd9f0d118fac9b92a55b1d4fbd95d30c7a27f20f333bd308d833db1bc64032323c151d2605a994aaf12cefdb68a60e54740b029d239fb4
  languageName: node
  linkType: hard

"@crabas0npm/alias-consequuntur-hic-enim@npm:^1.0.0":
  version: 1.0.0
  resolution: "@crabas0npm/alias-consequuntur-hic-enim@npm:1.0.0"
  dependencies:
    "@crabas0npm/accusantium-repellendus-sint-consequuntur": "npm:^1.0.0"
    "@crabas0npm/aliquid-vitae-magnam-perspiciatis": "npm:^1.0.0"
    "@crabas0npm/aut-cupiditate-quam-dicta": "npm:^1.0.0"
    "@crabas0npm/blanditiis-est-molestias-a": "npm:^1.0.0"
    "@crabas0npm/consectetur-impedit-exercitationem-error": "npm:^1.0.0"
    "@crabas0npm/corporis-rerum-reprehenderit-voluptates": "npm:^1.0.0"
    "@crabas0npm/et-perspiciatis-eius-modi": "npm:^1.0.0"
    "@crabas0npm/expedita-magnam-quia-perferendis": "npm:^1.0.0"
    "@crabas0npm/expedita-optio-recusandae-nesciunt": "npm:^1.0.0"
    "@crabas0npm/expedita-voluptas-corrupti-ullam": "npm:^1.0.0"
    "@crabas0npm/fugiat-necessitatibus-recusandae-quo": "npm:^1.0.0"
    "@crabas0npm/minus-iure-ipsum-temporibus": "npm:^1.0.0"
    "@crabas0npm/officiis-labore-tempora-sint": "npm:^1.0.0"
    "@crabas0npm/omnis-neque-asperiores-rerum": "npm:^1.0.0"
    "@crabas0npm/porro-voluptatem-consectetur-beatae": "npm:^1.0.0"
    "@crabas0npm/possimus-sit-repellat-perspiciatis": "npm:^1.0.0"
    "@crabas0npm/ratione-nisi-deleniti-provident": "npm:^1.0.0"
    "@crabas0npm/ratione-voluptatibus-quo-sed": "npm:^1.0.0"
    "@crabas0npm/repellendus-illum-cum-fugit": "npm:^1.0.0"
    "@crabas0npm/unde-quos-asperiores-modi": "npm:^1.0.0"
  checksum: 10c0/d5ab26327f0e3aad5307b759017fa8313b94c6c707cdcf849bfca6ecdae74b64c21cd3844c9c10a600ba6fbffb62b415c6eaacc36d0c8e9ddb3cafa09eefba4c
  languageName: node
  linkType: hard

"@crabas0npm/aliquid-vitae-magnam-perspiciatis@npm:^1.0.0":
  version: 1.0.0
  resolution: "@crabas0npm/aliquid-vitae-magnam-perspiciatis@npm:1.0.0"
  dependencies:
    "@crabas0npm/minus-iure-ipsum-temporibus": "npm:^1.0.0"
    "@ryniaubenpm/voluptate-natus-corrupti-reiciendis": "npm:^1.0.0"
  checksum: 10c0/8b2d8379dda8b0aeaa2410453043cf77dec22a919f35735b2fde1f5a9fa46783734c529970b4941cb3faf7e75e4c13d96c005476edd8206af4df87027f9f9660
  languageName: node
  linkType: hard

"@crabas0npm/aut-cupiditate-quam-dicta@npm:^1.0.0":
  version: 1.0.0
  resolution: "@crabas0npm/aut-cupiditate-quam-dicta@npm:1.0.0"
  dependencies:
    "@crabas0npm/accusantium-repellendus-sint-consequuntur": "npm:^1.0.0"
    "@crabas0npm/aliquid-vitae-magnam-perspiciatis": "npm:^1.0.0"
    "@crabas0npm/blanditiis-est-molestias-a": "npm:^1.0.0"
    "@crabas0npm/expedita-magnam-quia-perferendis": "npm:^1.0.0"
    "@crabas0npm/expedita-optio-recusandae-nesciunt": "npm:^1.0.0"
    "@crabas0npm/minus-iure-ipsum-temporibus": "npm:^1.0.0"
    "@crabas0npm/officiis-labore-tempora-sint": "npm:^1.0.0"
    "@crabas0npm/omnis-neque-asperiores-rerum": "npm:^1.0.0"
    "@crabas0npm/possimus-sit-repellat-perspiciatis": "npm:^1.0.0"
    "@crabas0npm/repellendus-illum-cum-fugit": "npm:^1.0.0"
    "@crabas0npm/unde-quos-asperiores-modi": "npm:^1.0.0"
  checksum: 10c0/25d9de38d43219628657da806634bedbae7560a92e5bb884d18f3808bf77f6b6512a4506dfd50df86a15e9e5eb3aa9bb3e4ede2148cfb9bbefa6aebe77ea919f
  languageName: node
  linkType: hard

"@crabas0npm/blanditiis-est-molestias-a@npm:^1.0.0":
  version: 1.0.0
  resolution: "@crabas0npm/blanditiis-est-molestias-a@npm:1.0.0"
  dependencies:
    "@crabas0npm/aliquid-vitae-magnam-perspiciatis": "npm:^1.0.0"
    "@crabas0npm/minus-iure-ipsum-temporibus": "npm:^1.0.0"
    "@crabas0npm/repellendus-illum-cum-fugit": "npm:^1.0.0"
  checksum: 10c0/41b025f04f63812362431f588591ffb0863caf3e1c55e4dde392340d1cde5bb46033b6f5593595d56efd5a4d23900f1ea7b9c3fe4e80df29c0287ec2bb5e492d
  languageName: node
  linkType: hard

"@crabas0npm/consectetur-impedit-exercitationem-error@npm:^1.0.0":
  version: 1.0.0
  resolution: "@crabas0npm/consectetur-impedit-exercitationem-error@npm:1.0.0"
  dependencies:
    "@crabas0npm/accusantium-repellendus-sint-consequuntur": "npm:^1.0.0"
    "@crabas0npm/aliquid-vitae-magnam-perspiciatis": "npm:^1.0.0"
    "@crabas0npm/aut-cupiditate-quam-dicta": "npm:^1.0.0"
    "@crabas0npm/blanditiis-est-molestias-a": "npm:^1.0.0"
    "@crabas0npm/corporis-rerum-reprehenderit-voluptates": "npm:^1.0.0"
    "@crabas0npm/et-perspiciatis-eius-modi": "npm:^1.0.0"
    "@crabas0npm/expedita-magnam-quia-perferendis": "npm:^1.0.0"
    "@crabas0npm/expedita-optio-recusandae-nesciunt": "npm:^1.0.0"
    "@crabas0npm/expedita-voluptas-corrupti-ullam": "npm:^1.0.0"
    "@crabas0npm/fugiat-necessitatibus-recusandae-quo": "npm:^1.0.0"
    "@crabas0npm/minus-iure-ipsum-temporibus": "npm:^1.0.0"
    "@crabas0npm/officiis-labore-tempora-sint": "npm:^1.0.0"
    "@crabas0npm/omnis-neque-asperiores-rerum": "npm:^1.0.0"
    "@crabas0npm/porro-voluptatem-consectetur-beatae": "npm:^1.0.0"
    "@crabas0npm/possimus-sit-repellat-perspiciatis": "npm:^1.0.0"
    "@crabas0npm/ratione-nisi-deleniti-provident": "npm:^1.0.0"
    "@crabas0npm/ratione-voluptatibus-quo-sed": "npm:^1.0.0"
    "@crabas0npm/repellendus-illum-cum-fugit": "npm:^1.0.0"
    "@crabas0npm/unde-quos-asperiores-modi": "npm:^1.0.0"
  checksum: 10c0/b1e6ecc047a37b35f67cc1832de70fb81320ad3be81824267ca2a3b56cc9a1a1733b86f3b36d1dc400b46662cfd37f010d830d1afb85421451a27ba716b94015
  languageName: node
  linkType: hard

"@crabas0npm/corporis-rerum-reprehenderit-voluptates@npm:^1.0.0":
  version: 1.0.0
  resolution: "@crabas0npm/corporis-rerum-reprehenderit-voluptates@npm:1.0.0"
  dependencies:
    "@crabas0npm/accusantium-repellendus-sint-consequuntur": "npm:^1.0.0"
    "@crabas0npm/aliquid-vitae-magnam-perspiciatis": "npm:^1.0.0"
    "@crabas0npm/aut-cupiditate-quam-dicta": "npm:^1.0.0"
    "@crabas0npm/blanditiis-est-molestias-a": "npm:^1.0.0"
    "@crabas0npm/et-perspiciatis-eius-modi": "npm:^1.0.0"
    "@crabas0npm/expedita-magnam-quia-perferendis": "npm:^1.0.0"
    "@crabas0npm/expedita-optio-recusandae-nesciunt": "npm:^1.0.0"
    "@crabas0npm/expedita-voluptas-corrupti-ullam": "npm:^1.0.0"
    "@crabas0npm/minus-iure-ipsum-temporibus": "npm:^1.0.0"
    "@crabas0npm/officiis-labore-tempora-sint": "npm:^1.0.0"
    "@crabas0npm/omnis-neque-asperiores-rerum": "npm:^1.0.0"
    "@crabas0npm/possimus-sit-repellat-perspiciatis": "npm:^1.0.0"
    "@crabas0npm/ratione-nisi-deleniti-provident": "npm:^1.0.0"
    "@crabas0npm/ratione-voluptatibus-quo-sed": "npm:^1.0.0"
    "@crabas0npm/repellendus-illum-cum-fugit": "npm:^1.0.0"
    "@crabas0npm/unde-quos-asperiores-modi": "npm:^1.0.0"
  checksum: 10c0/f79ce664de9b96aacd08a97594f96c1eb5a57b8a7f90b3dd6db6b86e49f0e36b90d5b07c05f0f236a89ff8b198aafe94bd65330aaf8f19dc8f94a69126853fa1
  languageName: node
  linkType: hard

"@crabas0npm/delectus-dolorem-consectetur-corrupti@npm:^1.0.0":
  version: 1.0.0
  resolution: "@crabas0npm/delectus-dolorem-consectetur-corrupti@npm:1.0.0"
  dependencies:
    "@crabas0npm/accusantium-repellendus-sint-consequuntur": "npm:^1.0.0"
    "@crabas0npm/alias-consequuntur-hic-enim": "npm:^1.0.0"
    "@crabas0npm/aliquid-vitae-magnam-perspiciatis": "npm:^1.0.0"
    "@crabas0npm/aut-cupiditate-quam-dicta": "npm:^1.0.0"
    "@crabas0npm/blanditiis-est-molestias-a": "npm:^1.0.0"
    "@crabas0npm/consectetur-impedit-exercitationem-error": "npm:^1.0.0"
    "@crabas0npm/corporis-rerum-reprehenderit-voluptates": "npm:^1.0.0"
    "@crabas0npm/ea-nisi-earum-mollitia": "npm:^1.0.0"
    "@crabas0npm/et-perspiciatis-eius-modi": "npm:^1.0.0"
    "@crabas0npm/expedita-magnam-quia-perferendis": "npm:^1.0.0"
    "@crabas0npm/expedita-optio-recusandae-nesciunt": "npm:^1.0.0"
    "@crabas0npm/expedita-voluptas-corrupti-ullam": "npm:^1.0.0"
    "@crabas0npm/facilis-doloribus-provident-optio": "npm:^1.0.0"
    "@crabas0npm/fugiat-necessitatibus-recusandae-quo": "npm:^1.0.0"
    "@crabas0npm/maxime-sequi-nam-facere": "npm:^1.0.0"
    "@crabas0npm/minus-iure-ipsum-temporibus": "npm:^1.0.0"
    "@crabas0npm/odio-exercitationem-ducimus-provident": "npm:^1.0.0"
    "@crabas0npm/officiis-labore-tempora-sint": "npm:^1.0.0"
    "@crabas0npm/omnis-neque-asperiores-rerum": "npm:^1.0.0"
    "@crabas0npm/porro-voluptatem-consectetur-beatae": "npm:^1.0.0"
    "@crabas0npm/possimus-sit-repellat-perspiciatis": "npm:^1.0.0"
    "@crabas0npm/ratione-nisi-deleniti-provident": "npm:^1.0.0"
    "@crabas0npm/ratione-voluptatibus-quo-sed": "npm:^1.0.0"
    "@crabas0npm/repellendus-illum-cum-fugit": "npm:^1.0.0"
    "@crabas0npm/unde-quos-asperiores-modi": "npm:^1.0.0"
  checksum: 10c0/62b67ff64ad2a404e0d6ba94e5be4e2c2e4daf244ce7eb1aec3447c3ad848ad4c6c36e3b259cf81485d4507faf222fe85258d1011a1197248367963755267800
  languageName: node
  linkType: hard

"@crabas0npm/ea-nisi-earum-mollitia@npm:^1.0.0":
  version: 1.0.0
  resolution: "@crabas0npm/ea-nisi-earum-mollitia@npm:1.0.0"
  dependencies:
    "@crabas0npm/accusantium-repellendus-sint-consequuntur": "npm:^1.0.0"
    "@crabas0npm/alias-consequuntur-hic-enim": "npm:^1.0.0"
    "@crabas0npm/aliquid-vitae-magnam-perspiciatis": "npm:^1.0.0"
    "@crabas0npm/aut-cupiditate-quam-dicta": "npm:^1.0.0"
    "@crabas0npm/blanditiis-est-molestias-a": "npm:^1.0.0"
    "@crabas0npm/consectetur-impedit-exercitationem-error": "npm:^1.0.0"
    "@crabas0npm/corporis-rerum-reprehenderit-voluptates": "npm:^1.0.0"
    "@crabas0npm/et-perspiciatis-eius-modi": "npm:^1.0.0"
    "@crabas0npm/expedita-magnam-quia-perferendis": "npm:^1.0.0"
    "@crabas0npm/expedita-optio-recusandae-nesciunt": "npm:^1.0.0"
    "@crabas0npm/expedita-voluptas-corrupti-ullam": "npm:^1.0.0"
    "@crabas0npm/facilis-doloribus-provident-optio": "npm:^1.0.0"
    "@crabas0npm/fugiat-necessitatibus-recusandae-quo": "npm:^1.0.0"
    "@crabas0npm/maxime-sequi-nam-facere": "npm:^1.0.0"
    "@crabas0npm/minus-iure-ipsum-temporibus": "npm:^1.0.0"
    "@crabas0npm/odio-exercitationem-ducimus-provident": "npm:^1.0.0"
    "@crabas0npm/officiis-labore-tempora-sint": "npm:^1.0.0"
    "@crabas0npm/omnis-neque-asperiores-rerum": "npm:^1.0.0"
    "@crabas0npm/porro-voluptatem-consectetur-beatae": "npm:^1.0.0"
    "@crabas0npm/possimus-sit-repellat-perspiciatis": "npm:^1.0.0"
    "@crabas0npm/ratione-nisi-deleniti-provident": "npm:^1.0.0"
    "@crabas0npm/ratione-voluptatibus-quo-sed": "npm:^1.0.0"
    "@crabas0npm/repellendus-illum-cum-fugit": "npm:^1.0.0"
    "@crabas0npm/unde-quos-asperiores-modi": "npm:^1.0.0"
  checksum: 10c0/9066779174f2501cf7dd7938e72efde8f5951a023cad66d7b928c7975d48df19526e7afc3093f1f071e24da4883a9de6139ab53811200603a493524438c293a2
  languageName: node
  linkType: hard

"@crabas0npm/et-perspiciatis-eius-modi@npm:^1.0.0":
  version: 1.0.0
  resolution: "@crabas0npm/et-perspiciatis-eius-modi@npm:1.0.0"
  dependencies:
    "@crabas0npm/accusantium-repellendus-sint-consequuntur": "npm:^1.0.0"
    "@crabas0npm/aliquid-vitae-magnam-perspiciatis": "npm:^1.0.0"
    "@crabas0npm/aut-cupiditate-quam-dicta": "npm:^1.0.0"
    "@crabas0npm/blanditiis-est-molestias-a": "npm:^1.0.0"
    "@crabas0npm/expedita-magnam-quia-perferendis": "npm:^1.0.0"
    "@crabas0npm/expedita-optio-recusandae-nesciunt": "npm:^1.0.0"
    "@crabas0npm/minus-iure-ipsum-temporibus": "npm:^1.0.0"
    "@crabas0npm/officiis-labore-tempora-sint": "npm:^1.0.0"
    "@crabas0npm/omnis-neque-asperiores-rerum": "npm:^1.0.0"
    "@crabas0npm/possimus-sit-repellat-perspiciatis": "npm:^1.0.0"
    "@crabas0npm/repellendus-illum-cum-fugit": "npm:^1.0.0"
    "@crabas0npm/unde-quos-asperiores-modi": "npm:^1.0.0"
  checksum: 10c0/0e4bb1c6d208ba410ccc957eadfbf9511bbb8dd63a8eb767b61ea6b37ec27c3527e734077fd178c46a8fa5797f129aa1f78367d2c7c0157414e264662fccde08
  languageName: node
  linkType: hard

"@crabas0npm/expedita-magnam-quia-perferendis@npm:^1.0.0":
  version: 1.0.0
  resolution: "@crabas0npm/expedita-magnam-quia-perferendis@npm:1.0.0"
  dependencies:
    "@crabas0npm/accusantium-repellendus-sint-consequuntur": "npm:^1.0.0"
    "@crabas0npm/aliquid-vitae-magnam-perspiciatis": "npm:^1.0.0"
    "@crabas0npm/blanditiis-est-molestias-a": "npm:^1.0.0"
    "@crabas0npm/expedita-optio-recusandae-nesciunt": "npm:^1.0.0"
    "@crabas0npm/minus-iure-ipsum-temporibus": "npm:^1.0.0"
    "@crabas0npm/officiis-labore-tempora-sint": "npm:^1.0.0"
    "@crabas0npm/omnis-neque-asperiores-rerum": "npm:^1.0.0"
    "@crabas0npm/possimus-sit-repellat-perspiciatis": "npm:^1.0.0"
    "@crabas0npm/repellendus-illum-cum-fugit": "npm:^1.0.0"
    "@crabas0npm/unde-quos-asperiores-modi": "npm:^1.0.0"
  checksum: 10c0/feddd769dabe2d07d5e5f334c4d72a7104962112ddc612ce107ace61d91cad90f3047e178266cfdffa52a39d180e7062717ce791d0d9b3f3ee88f45d824fdbb3
  languageName: node
  linkType: hard

"@crabas0npm/expedita-optio-recusandae-nesciunt@npm:^1.0.0":
  version: 1.0.0
  resolution: "@crabas0npm/expedita-optio-recusandae-nesciunt@npm:1.0.0"
  dependencies:
    "@crabas0npm/accusantium-repellendus-sint-consequuntur": "npm:^1.0.0"
    "@crabas0npm/aliquid-vitae-magnam-perspiciatis": "npm:^1.0.0"
    "@crabas0npm/blanditiis-est-molestias-a": "npm:^1.0.0"
    "@crabas0npm/minus-iure-ipsum-temporibus": "npm:^1.0.0"
    "@crabas0npm/repellendus-illum-cum-fugit": "npm:^1.0.0"
  checksum: 10c0/07d3484edc60cab030a1581bcf6afabfd899449b5537366c41d7b987af7bcf835aabfa6c3af0182b20b93e55a01b2b1949e46bd2c4f4a46d6a0fbcc534023b87
  languageName: node
  linkType: hard

"@crabas0npm/expedita-voluptas-corrupti-ullam@npm:^1.0.0":
  version: 1.0.0
  resolution: "@crabas0npm/expedita-voluptas-corrupti-ullam@npm:1.0.0"
  dependencies:
    "@crabas0npm/accusantium-repellendus-sint-consequuntur": "npm:^1.0.0"
    "@crabas0npm/aliquid-vitae-magnam-perspiciatis": "npm:^1.0.0"
    "@crabas0npm/aut-cupiditate-quam-dicta": "npm:^1.0.0"
    "@crabas0npm/blanditiis-est-molestias-a": "npm:^1.0.0"
    "@crabas0npm/et-perspiciatis-eius-modi": "npm:^1.0.0"
    "@crabas0npm/expedita-magnam-quia-perferendis": "npm:^1.0.0"
    "@crabas0npm/expedita-optio-recusandae-nesciunt": "npm:^1.0.0"
    "@crabas0npm/minus-iure-ipsum-temporibus": "npm:^1.0.0"
    "@crabas0npm/officiis-labore-tempora-sint": "npm:^1.0.0"
    "@crabas0npm/omnis-neque-asperiores-rerum": "npm:^1.0.0"
    "@crabas0npm/possimus-sit-repellat-perspiciatis": "npm:^1.0.0"
    "@crabas0npm/ratione-nisi-deleniti-provident": "npm:^1.0.0"
    "@crabas0npm/ratione-voluptatibus-quo-sed": "npm:^1.0.0"
    "@crabas0npm/repellendus-illum-cum-fugit": "npm:^1.0.0"
    "@crabas0npm/unde-quos-asperiores-modi": "npm:^1.0.0"
  checksum: 10c0/d5e1f849c189d1f3fd7eb731f6b8142614c3f6d502956da8b477b4e3cce09aadb391da6fdc3cf1b0df877c292ffcb1b4fa47a6bf12fd48e0df32af156ab2e838
  languageName: node
  linkType: hard

"@crabas0npm/facilis-doloribus-provident-optio@npm:^1.0.0":
  version: 1.0.0
  resolution: "@crabas0npm/facilis-doloribus-provident-optio@npm:1.0.0"
  dependencies:
    "@crabas0npm/accusantium-repellendus-sint-consequuntur": "npm:^1.0.0"
    "@crabas0npm/alias-consequuntur-hic-enim": "npm:^1.0.0"
    "@crabas0npm/aliquid-vitae-magnam-perspiciatis": "npm:^1.0.0"
    "@crabas0npm/aut-cupiditate-quam-dicta": "npm:^1.0.0"
    "@crabas0npm/blanditiis-est-molestias-a": "npm:^1.0.0"
    "@crabas0npm/consectetur-impedit-exercitationem-error": "npm:^1.0.0"
    "@crabas0npm/corporis-rerum-reprehenderit-voluptates": "npm:^1.0.0"
    "@crabas0npm/et-perspiciatis-eius-modi": "npm:^1.0.0"
    "@crabas0npm/expedita-magnam-quia-perferendis": "npm:^1.0.0"
    "@crabas0npm/expedita-optio-recusandae-nesciunt": "npm:^1.0.0"
    "@crabas0npm/expedita-voluptas-corrupti-ullam": "npm:^1.0.0"
    "@crabas0npm/fugiat-necessitatibus-recusandae-quo": "npm:^1.0.0"
    "@crabas0npm/maxime-sequi-nam-facere": "npm:^1.0.0"
    "@crabas0npm/minus-iure-ipsum-temporibus": "npm:^1.0.0"
    "@crabas0npm/odio-exercitationem-ducimus-provident": "npm:^1.0.0"
    "@crabas0npm/officiis-labore-tempora-sint": "npm:^1.0.0"
    "@crabas0npm/omnis-neque-asperiores-rerum": "npm:^1.0.0"
    "@crabas0npm/porro-voluptatem-consectetur-beatae": "npm:^1.0.0"
    "@crabas0npm/possimus-sit-repellat-perspiciatis": "npm:^1.0.0"
    "@crabas0npm/ratione-nisi-deleniti-provident": "npm:^1.0.0"
    "@crabas0npm/ratione-voluptatibus-quo-sed": "npm:^1.0.0"
    "@crabas0npm/repellendus-illum-cum-fugit": "npm:^1.0.0"
    "@crabas0npm/unde-quos-asperiores-modi": "npm:^1.0.0"
  checksum: 10c0/cc0486a4ac30c22676cf53f758c97f6b627320f447ca286e1436acd559764bc7db13f42cb181571415f3eabf307fbde36fc857d7a908277835c859276ae4e1c7
  languageName: node
  linkType: hard

"@crabas0npm/fugiat-necessitatibus-recusandae-quo@npm:^1.0.0":
  version: 1.0.0
  resolution: "@crabas0npm/fugiat-necessitatibus-recusandae-quo@npm:1.0.0"
  dependencies:
    "@crabas0npm/accusantium-repellendus-sint-consequuntur": "npm:^1.0.0"
    "@crabas0npm/aliquid-vitae-magnam-perspiciatis": "npm:^1.0.0"
    "@crabas0npm/aut-cupiditate-quam-dicta": "npm:^1.0.0"
    "@crabas0npm/blanditiis-est-molestias-a": "npm:^1.0.0"
    "@crabas0npm/corporis-rerum-reprehenderit-voluptates": "npm:^1.0.0"
    "@crabas0npm/et-perspiciatis-eius-modi": "npm:^1.0.0"
    "@crabas0npm/expedita-magnam-quia-perferendis": "npm:^1.0.0"
    "@crabas0npm/expedita-optio-recusandae-nesciunt": "npm:^1.0.0"
    "@crabas0npm/expedita-voluptas-corrupti-ullam": "npm:^1.0.0"
    "@crabas0npm/minus-iure-ipsum-temporibus": "npm:^1.0.0"
    "@crabas0npm/officiis-labore-tempora-sint": "npm:^1.0.0"
    "@crabas0npm/omnis-neque-asperiores-rerum": "npm:^1.0.0"
    "@crabas0npm/possimus-sit-repellat-perspiciatis": "npm:^1.0.0"
    "@crabas0npm/ratione-nisi-deleniti-provident": "npm:^1.0.0"
    "@crabas0npm/ratione-voluptatibus-quo-sed": "npm:^1.0.0"
    "@crabas0npm/repellendus-illum-cum-fugit": "npm:^1.0.0"
    "@crabas0npm/unde-quos-asperiores-modi": "npm:^1.0.0"
  checksum: 10c0/ce6aff23974cfad5d2d7394d7f5f27ae6edd1fc3594dc1059453d16b417678bb3820a3115a71105c4c1f8038f3230df092642ffa387879ecfab240ddc51b578f
  languageName: node
  linkType: hard

"@crabas0npm/maxime-sequi-nam-facere@npm:^1.0.0":
  version: 1.0.0
  resolution: "@crabas0npm/maxime-sequi-nam-facere@npm:1.0.0"
  dependencies:
    "@crabas0npm/accusantium-repellendus-sint-consequuntur": "npm:^1.0.0"
    "@crabas0npm/alias-consequuntur-hic-enim": "npm:^1.0.0"
    "@crabas0npm/aliquid-vitae-magnam-perspiciatis": "npm:^1.0.0"
    "@crabas0npm/aut-cupiditate-quam-dicta": "npm:^1.0.0"
    "@crabas0npm/blanditiis-est-molestias-a": "npm:^1.0.0"
    "@crabas0npm/consectetur-impedit-exercitationem-error": "npm:^1.0.0"
    "@crabas0npm/corporis-rerum-reprehenderit-voluptates": "npm:^1.0.0"
    "@crabas0npm/et-perspiciatis-eius-modi": "npm:^1.0.0"
    "@crabas0npm/expedita-magnam-quia-perferendis": "npm:^1.0.0"
    "@crabas0npm/expedita-optio-recusandae-nesciunt": "npm:^1.0.0"
    "@crabas0npm/expedita-voluptas-corrupti-ullam": "npm:^1.0.0"
    "@crabas0npm/fugiat-necessitatibus-recusandae-quo": "npm:^1.0.0"
    "@crabas0npm/minus-iure-ipsum-temporibus": "npm:^1.0.0"
    "@crabas0npm/odio-exercitationem-ducimus-provident": "npm:^1.0.0"
    "@crabas0npm/officiis-labore-tempora-sint": "npm:^1.0.0"
    "@crabas0npm/omnis-neque-asperiores-rerum": "npm:^1.0.0"
    "@crabas0npm/porro-voluptatem-consectetur-beatae": "npm:^1.0.0"
    "@crabas0npm/possimus-sit-repellat-perspiciatis": "npm:^1.0.0"
    "@crabas0npm/ratione-nisi-deleniti-provident": "npm:^1.0.0"
    "@crabas0npm/ratione-voluptatibus-quo-sed": "npm:^1.0.0"
    "@crabas0npm/repellendus-illum-cum-fugit": "npm:^1.0.0"
    "@crabas0npm/unde-quos-asperiores-modi": "npm:^1.0.0"
  checksum: 10c0/ffe1ecc7b186cc71966b3e378077e67332e9e60142e1eae65c03b785b38f1100641d5c8538023e1f83513d04963bacb222fcf7788e02bd9dc0e21d4d9e493dfb
  languageName: node
  linkType: hard

"@crabas0npm/minus-iure-ipsum-temporibus@npm:^1.0.0":
  version: 1.0.0
  resolution: "@crabas0npm/minus-iure-ipsum-temporibus@npm:1.0.0"
  dependencies:
    "@ryniaubenpm/voluptate-natus-corrupti-reiciendis": "npm:^1.0.0"
  checksum: 10c0/4706706b25ab41721a543cad1aed1274214d74dffaf1c08cdcfb00a4017beacd701dcff1b4890683da62bd98930cab3ed1a0ceebab551ecfca1b68ded0d29305
  languageName: node
  linkType: hard

"@crabas0npm/nulla-minima-vero-facere@npm:^1.0.0":
  version: 1.0.0
  resolution: "@crabas0npm/nulla-minima-vero-facere@npm:1.0.0"
  dependencies:
    "@crabas0npm/accusantium-repellendus-sint-consequuntur": "npm:^1.0.0"
    "@crabas0npm/alias-consequuntur-hic-enim": "npm:^1.0.0"
    "@crabas0npm/aliquid-vitae-magnam-perspiciatis": "npm:^1.0.0"
    "@crabas0npm/aut-cupiditate-quam-dicta": "npm:^1.0.0"
    "@crabas0npm/blanditiis-est-molestias-a": "npm:^1.0.0"
    "@crabas0npm/consectetur-impedit-exercitationem-error": "npm:^1.0.0"
    "@crabas0npm/corporis-rerum-reprehenderit-voluptates": "npm:^1.0.0"
    "@crabas0npm/delectus-dolorem-consectetur-corrupti": "npm:^1.0.0"
    "@crabas0npm/ea-nisi-earum-mollitia": "npm:^1.0.0"
    "@crabas0npm/et-perspiciatis-eius-modi": "npm:^1.0.0"
    "@crabas0npm/expedita-magnam-quia-perferendis": "npm:^1.0.0"
    "@crabas0npm/expedita-optio-recusandae-nesciunt": "npm:^1.0.0"
    "@crabas0npm/expedita-voluptas-corrupti-ullam": "npm:^1.0.0"
    "@crabas0npm/facilis-doloribus-provident-optio": "npm:^1.0.0"
    "@crabas0npm/fugiat-necessitatibus-recusandae-quo": "npm:^1.0.0"
    "@crabas0npm/maxime-sequi-nam-facere": "npm:^1.0.0"
    "@crabas0npm/minus-iure-ipsum-temporibus": "npm:^1.0.0"
    "@crabas0npm/odio-exercitationem-ducimus-provident": "npm:^1.0.0"
    "@crabas0npm/officia-nostrum-at-hic": "npm:^1.0.0"
    "@crabas0npm/officiis-labore-tempora-sint": "npm:^1.0.0"
    "@crabas0npm/omnis-neque-asperiores-rerum": "npm:^1.0.0"
    "@crabas0npm/optio-sequi-optio-quidem": "npm:^1.0.0"
    "@crabas0npm/porro-voluptatem-consectetur-beatae": "npm:^1.0.0"
    "@crabas0npm/possimus-sit-repellat-perspiciatis": "npm:^1.0.0"
    "@crabas0npm/quo-dolorem-molestiae-porro": "npm:^1.0.0"
    "@crabas0npm/ratione-nisi-deleniti-provident": "npm:^1.0.0"
    "@crabas0npm/ratione-voluptatibus-quo-sed": "npm:^1.0.0"
    "@crabas0npm/repellendus-illum-cum-fugit": "npm:^1.0.0"
    "@crabas0npm/unde-quos-asperiores-modi": "npm:^1.0.0"
  checksum: 10c0/23e44c45ed0546e7bc8c8063c232d827864b5b03cc62455b0d5285e26504cccb3b104daca9b5d0e4675c02044be39d9df48bdac8cf606c938bcf4ff3dce0f602
  languageName: node
  linkType: hard

"@crabas0npm/odio-exercitationem-ducimus-provident@npm:^1.0.0":
  version: 1.0.0
  resolution: "@crabas0npm/odio-exercitationem-ducimus-provident@npm:1.0.0"
  dependencies:
    "@crabas0npm/accusantium-repellendus-sint-consequuntur": "npm:^1.0.0"
    "@crabas0npm/alias-consequuntur-hic-enim": "npm:^1.0.0"
    "@crabas0npm/aliquid-vitae-magnam-perspiciatis": "npm:^1.0.0"
    "@crabas0npm/aut-cupiditate-quam-dicta": "npm:^1.0.0"
    "@crabas0npm/blanditiis-est-molestias-a": "npm:^1.0.0"
    "@crabas0npm/consectetur-impedit-exercitationem-error": "npm:^1.0.0"
    "@crabas0npm/corporis-rerum-reprehenderit-voluptates": "npm:^1.0.0"
    "@crabas0npm/et-perspiciatis-eius-modi": "npm:^1.0.0"
    "@crabas0npm/expedita-magnam-quia-perferendis": "npm:^1.0.0"
    "@crabas0npm/expedita-optio-recusandae-nesciunt": "npm:^1.0.0"
    "@crabas0npm/expedita-voluptas-corrupti-ullam": "npm:^1.0.0"
    "@crabas0npm/fugiat-necessitatibus-recusandae-quo": "npm:^1.0.0"
    "@crabas0npm/minus-iure-ipsum-temporibus": "npm:^1.0.0"
    "@crabas0npm/officiis-labore-tempora-sint": "npm:^1.0.0"
    "@crabas0npm/omnis-neque-asperiores-rerum": "npm:^1.0.0"
    "@crabas0npm/porro-voluptatem-consectetur-beatae": "npm:^1.0.0"
    "@crabas0npm/possimus-sit-repellat-perspiciatis": "npm:^1.0.0"
    "@crabas0npm/ratione-nisi-deleniti-provident": "npm:^1.0.0"
    "@crabas0npm/ratione-voluptatibus-quo-sed": "npm:^1.0.0"
    "@crabas0npm/repellendus-illum-cum-fugit": "npm:^1.0.0"
    "@crabas0npm/unde-quos-asperiores-modi": "npm:^1.0.0"
  checksum: 10c0/5757a348f5ada3af4d49cc21792923336a066609523862cadb6766a5d238e99364aacfce15592be7e930dec51f799b3b8d6869c3b7cc31f57a81123a33cb3a3d
  languageName: node
  linkType: hard

"@crabas0npm/officia-nostrum-at-hic@npm:^1.0.0":
  version: 1.0.0
  resolution: "@crabas0npm/officia-nostrum-at-hic@npm:1.0.0"
  dependencies:
    "@crabas0npm/accusantium-repellendus-sint-consequuntur": "npm:^1.0.0"
    "@crabas0npm/alias-consequuntur-hic-enim": "npm:^1.0.0"
    "@crabas0npm/aliquid-vitae-magnam-perspiciatis": "npm:^1.0.0"
    "@crabas0npm/aut-cupiditate-quam-dicta": "npm:^1.0.0"
    "@crabas0npm/blanditiis-est-molestias-a": "npm:^1.0.0"
    "@crabas0npm/consectetur-impedit-exercitationem-error": "npm:^1.0.0"
    "@crabas0npm/corporis-rerum-reprehenderit-voluptates": "npm:^1.0.0"
    "@crabas0npm/delectus-dolorem-consectetur-corrupti": "npm:^1.0.0"
    "@crabas0npm/ea-nisi-earum-mollitia": "npm:^1.0.0"
    "@crabas0npm/et-perspiciatis-eius-modi": "npm:^1.0.0"
    "@crabas0npm/expedita-magnam-quia-perferendis": "npm:^1.0.0"
    "@crabas0npm/expedita-optio-recusandae-nesciunt": "npm:^1.0.0"
    "@crabas0npm/expedita-voluptas-corrupti-ullam": "npm:^1.0.0"
    "@crabas0npm/facilis-doloribus-provident-optio": "npm:^1.0.0"
    "@crabas0npm/fugiat-necessitatibus-recusandae-quo": "npm:^1.0.0"
    "@crabas0npm/maxime-sequi-nam-facere": "npm:^1.0.0"
    "@crabas0npm/minus-iure-ipsum-temporibus": "npm:^1.0.0"
    "@crabas0npm/odio-exercitationem-ducimus-provident": "npm:^1.0.0"
    "@crabas0npm/officiis-labore-tempora-sint": "npm:^1.0.0"
    "@crabas0npm/omnis-neque-asperiores-rerum": "npm:^1.0.0"
    "@crabas0npm/porro-voluptatem-consectetur-beatae": "npm:^1.0.0"
    "@crabas0npm/possimus-sit-repellat-perspiciatis": "npm:^1.0.0"
    "@crabas0npm/ratione-nisi-deleniti-provident": "npm:^1.0.0"
    "@crabas0npm/ratione-voluptatibus-quo-sed": "npm:^1.0.0"
    "@crabas0npm/repellendus-illum-cum-fugit": "npm:^1.0.0"
    "@crabas0npm/unde-quos-asperiores-modi": "npm:^1.0.0"
  checksum: 10c0/616ca56ae6bcf40f37ca6d92a01776a99736abf6216c3fa9cbe36f3b4202f0a939e6546eaf4c1c6b116f76161c1709bfb4ccf9627fa6106b9df94f0d6d6138d5
  languageName: node
  linkType: hard

"@crabas0npm/officiis-labore-tempora-sint@npm:^1.0.0":
  version: 1.0.0
  resolution: "@crabas0npm/officiis-labore-tempora-sint@npm:1.0.0"
  dependencies:
    "@crabas0npm/accusantium-repellendus-sint-consequuntur": "npm:^1.0.0"
    "@crabas0npm/aliquid-vitae-magnam-perspiciatis": "npm:^1.0.0"
    "@crabas0npm/blanditiis-est-molestias-a": "npm:^1.0.0"
    "@crabas0npm/expedita-optio-recusandae-nesciunt": "npm:^1.0.0"
    "@crabas0npm/minus-iure-ipsum-temporibus": "npm:^1.0.0"
    "@crabas0npm/repellendus-illum-cum-fugit": "npm:^1.0.0"
    "@crabas0npm/unde-quos-asperiores-modi": "npm:^1.0.0"
  checksum: 10c0/422a36f442f2df4ba5343fab0340fc8bf6f4a8a7b1bdca8591b1938159bdc0d16abb40c008af58c40df7fe672c190f50ec6e9106570180c42dc09d477e46911e
  languageName: node
  linkType: hard

"@crabas0npm/omnis-neque-asperiores-rerum@npm:^1.0.0":
  version: 1.0.0
  resolution: "@crabas0npm/omnis-neque-asperiores-rerum@npm:1.0.0"
  dependencies:
    "@crabas0npm/accusantium-repellendus-sint-consequuntur": "npm:^1.0.0"
    "@crabas0npm/aliquid-vitae-magnam-perspiciatis": "npm:^1.0.0"
    "@crabas0npm/blanditiis-est-molestias-a": "npm:^1.0.0"
    "@crabas0npm/expedita-optio-recusandae-nesciunt": "npm:^1.0.0"
    "@crabas0npm/minus-iure-ipsum-temporibus": "npm:^1.0.0"
    "@crabas0npm/officiis-labore-tempora-sint": "npm:^1.0.0"
    "@crabas0npm/possimus-sit-repellat-perspiciatis": "npm:^1.0.0"
    "@crabas0npm/repellendus-illum-cum-fugit": "npm:^1.0.0"
    "@crabas0npm/unde-quos-asperiores-modi": "npm:^1.0.0"
  checksum: 10c0/68ab2ac8a92013f0ac567e8b7c32707659496720a588a39f9d919066615dff67d3e7f572752ab50e57b3e4f9aa17ef5c389cf0d6f5b4b9a827be709abb3dc9a3
  languageName: node
  linkType: hard

"@crabas0npm/optio-sequi-optio-quidem@npm:^1.0.0":
  version: 1.0.0
  resolution: "@crabas0npm/optio-sequi-optio-quidem@npm:1.0.0"
  dependencies:
    "@crabas0npm/accusantium-repellendus-sint-consequuntur": "npm:^1.0.0"
    "@crabas0npm/alias-consequuntur-hic-enim": "npm:^1.0.0"
    "@crabas0npm/aliquid-vitae-magnam-perspiciatis": "npm:^1.0.0"
    "@crabas0npm/aut-cupiditate-quam-dicta": "npm:^1.0.0"
    "@crabas0npm/blanditiis-est-molestias-a": "npm:^1.0.0"
    "@crabas0npm/consectetur-impedit-exercitationem-error": "npm:^1.0.0"
    "@crabas0npm/corporis-rerum-reprehenderit-voluptates": "npm:^1.0.0"
    "@crabas0npm/delectus-dolorem-consectetur-corrupti": "npm:^1.0.0"
    "@crabas0npm/ea-nisi-earum-mollitia": "npm:^1.0.0"
    "@crabas0npm/et-perspiciatis-eius-modi": "npm:^1.0.0"
    "@crabas0npm/expedita-magnam-quia-perferendis": "npm:^1.0.0"
    "@crabas0npm/expedita-optio-recusandae-nesciunt": "npm:^1.0.0"
    "@crabas0npm/expedita-voluptas-corrupti-ullam": "npm:^1.0.0"
    "@crabas0npm/facilis-doloribus-provident-optio": "npm:^1.0.0"
    "@crabas0npm/fugiat-necessitatibus-recusandae-quo": "npm:^1.0.0"
    "@crabas0npm/maxime-sequi-nam-facere": "npm:^1.0.0"
    "@crabas0npm/minus-iure-ipsum-temporibus": "npm:^1.0.0"
    "@crabas0npm/odio-exercitationem-ducimus-provident": "npm:^1.0.0"
    "@crabas0npm/officia-nostrum-at-hic": "npm:^1.0.0"
    "@crabas0npm/officiis-labore-tempora-sint": "npm:^1.0.0"
    "@crabas0npm/omnis-neque-asperiores-rerum": "npm:^1.0.0"
    "@crabas0npm/porro-voluptatem-consectetur-beatae": "npm:^1.0.0"
    "@crabas0npm/possimus-sit-repellat-perspiciatis": "npm:^1.0.0"
    "@crabas0npm/ratione-nisi-deleniti-provident": "npm:^1.0.0"
    "@crabas0npm/ratione-voluptatibus-quo-sed": "npm:^1.0.0"
    "@crabas0npm/repellendus-illum-cum-fugit": "npm:^1.0.0"
    "@crabas0npm/unde-quos-asperiores-modi": "npm:^1.0.0"
  checksum: 10c0/2a0ad61b5310fb77bda12846df1cee86146cf06e6febdf9271d5740b85850db872c07d75c4c1c5fd6b949710d3df528c9e99ebcd6509b88302383918222d523b
  languageName: node
  linkType: hard

"@crabas0npm/porro-voluptatem-consectetur-beatae@npm:^1.0.0":
  version: 1.0.0
  resolution: "@crabas0npm/porro-voluptatem-consectetur-beatae@npm:1.0.0"
  dependencies:
    "@crabas0npm/accusantium-repellendus-sint-consequuntur": "npm:^1.0.0"
    "@crabas0npm/aliquid-vitae-magnam-perspiciatis": "npm:^1.0.0"
    "@crabas0npm/aut-cupiditate-quam-dicta": "npm:^1.0.0"
    "@crabas0npm/blanditiis-est-molestias-a": "npm:^1.0.0"
    "@crabas0npm/corporis-rerum-reprehenderit-voluptates": "npm:^1.0.0"
    "@crabas0npm/et-perspiciatis-eius-modi": "npm:^1.0.0"
    "@crabas0npm/expedita-magnam-quia-perferendis": "npm:^1.0.0"
    "@crabas0npm/expedita-optio-recusandae-nesciunt": "npm:^1.0.0"
    "@crabas0npm/expedita-voluptas-corrupti-ullam": "npm:^1.0.0"
    "@crabas0npm/fugiat-necessitatibus-recusandae-quo": "npm:^1.0.0"
    "@crabas0npm/minus-iure-ipsum-temporibus": "npm:^1.0.0"
    "@crabas0npm/officiis-labore-tempora-sint": "npm:^1.0.0"
    "@crabas0npm/omnis-neque-asperiores-rerum": "npm:^1.0.0"
    "@crabas0npm/possimus-sit-repellat-perspiciatis": "npm:^1.0.0"
    "@crabas0npm/ratione-nisi-deleniti-provident": "npm:^1.0.0"
    "@crabas0npm/ratione-voluptatibus-quo-sed": "npm:^1.0.0"
    "@crabas0npm/repellendus-illum-cum-fugit": "npm:^1.0.0"
    "@crabas0npm/unde-quos-asperiores-modi": "npm:^1.0.0"
  checksum: 10c0/5932540ca96b6cb504ff4505cf4d0fd4f0aa82c5674fd6b41a3678c30e2c0e9da217aa2a1798a59c5c362142ef13e202e694fadce1152c109b9d384faf8bda92
  languageName: node
  linkType: hard

"@crabas0npm/possimus-sit-repellat-perspiciatis@npm:^1.0.0":
  version: 1.0.0
  resolution: "@crabas0npm/possimus-sit-repellat-perspiciatis@npm:1.0.0"
  dependencies:
    "@crabas0npm/accusantium-repellendus-sint-consequuntur": "npm:^1.0.0"
    "@crabas0npm/aliquid-vitae-magnam-perspiciatis": "npm:^1.0.0"
    "@crabas0npm/blanditiis-est-molestias-a": "npm:^1.0.0"
    "@crabas0npm/expedita-optio-recusandae-nesciunt": "npm:^1.0.0"
    "@crabas0npm/minus-iure-ipsum-temporibus": "npm:^1.0.0"
    "@crabas0npm/officiis-labore-tempora-sint": "npm:^1.0.0"
    "@crabas0npm/repellendus-illum-cum-fugit": "npm:^1.0.0"
    "@crabas0npm/unde-quos-asperiores-modi": "npm:^1.0.0"
  checksum: 10c0/ba127524ee482b145b1e7659eab315dbf9439037c0be8432662131b579a7f642552d0e1cdfe9fa6b45b4dd7ed3b3a58f1f886b9f2aa8f38e3b252ee5d7940b37
  languageName: node
  linkType: hard

"@crabas0npm/quo-dolorem-molestiae-porro@npm:^1.0.0":
  version: 1.0.0
  resolution: "@crabas0npm/quo-dolorem-molestiae-porro@npm:1.0.0"
  dependencies:
    "@crabas0npm/accusantium-repellendus-sint-consequuntur": "npm:^1.0.0"
    "@crabas0npm/alias-consequuntur-hic-enim": "npm:^1.0.0"
    "@crabas0npm/aliquid-vitae-magnam-perspiciatis": "npm:^1.0.0"
    "@crabas0npm/aut-cupiditate-quam-dicta": "npm:^1.0.0"
    "@crabas0npm/blanditiis-est-molestias-a": "npm:^1.0.0"
    "@crabas0npm/consectetur-impedit-exercitationem-error": "npm:^1.0.0"
    "@crabas0npm/corporis-rerum-reprehenderit-voluptates": "npm:^1.0.0"
    "@crabas0npm/delectus-dolorem-consectetur-corrupti": "npm:^1.0.0"
    "@crabas0npm/ea-nisi-earum-mollitia": "npm:^1.0.0"
    "@crabas0npm/et-perspiciatis-eius-modi": "npm:^1.0.0"
    "@crabas0npm/expedita-magnam-quia-perferendis": "npm:^1.0.0"
    "@crabas0npm/expedita-optio-recusandae-nesciunt": "npm:^1.0.0"
    "@crabas0npm/expedita-voluptas-corrupti-ullam": "npm:^1.0.0"
    "@crabas0npm/facilis-doloribus-provident-optio": "npm:^1.0.0"
    "@crabas0npm/fugiat-necessitatibus-recusandae-quo": "npm:^1.0.0"
    "@crabas0npm/maxime-sequi-nam-facere": "npm:^1.0.0"
    "@crabas0npm/minus-iure-ipsum-temporibus": "npm:^1.0.0"
    "@crabas0npm/odio-exercitationem-ducimus-provident": "npm:^1.0.0"
    "@crabas0npm/officia-nostrum-at-hic": "npm:^1.0.0"
    "@crabas0npm/officiis-labore-tempora-sint": "npm:^1.0.0"
    "@crabas0npm/omnis-neque-asperiores-rerum": "npm:^1.0.0"
    "@crabas0npm/optio-sequi-optio-quidem": "npm:^1.0.0"
    "@crabas0npm/porro-voluptatem-consectetur-beatae": "npm:^1.0.0"
    "@crabas0npm/possimus-sit-repellat-perspiciatis": "npm:^1.0.0"
    "@crabas0npm/ratione-nisi-deleniti-provident": "npm:^1.0.0"
    "@crabas0npm/ratione-voluptatibus-quo-sed": "npm:^1.0.0"
    "@crabas0npm/repellendus-illum-cum-fugit": "npm:^1.0.0"
    "@crabas0npm/unde-quos-asperiores-modi": "npm:^1.0.0"
  checksum: 10c0/a12fbd9ddb6696740297631592b62fdf99ab000acc2c316c089ad9334d0267d9963ab78862f3d6e1d9ea2bba8314dfb22639ebb1a260be9ba888682b1937e887
  languageName: node
  linkType: hard

"@crabas0npm/quos-officiis-at-eveniet@npm:^1.0.0":
  version: 1.0.0
  resolution: "@crabas0npm/quos-officiis-at-eveniet@npm:1.0.0"
  dependencies:
    "@crabas0npm/accusantium-repellendus-sint-consequuntur": "npm:^1.0.0"
    "@crabas0npm/alias-consequuntur-hic-enim": "npm:^1.0.0"
    "@crabas0npm/aliquid-vitae-magnam-perspiciatis": "npm:^1.0.0"
    "@crabas0npm/aut-cupiditate-quam-dicta": "npm:^1.0.0"
    "@crabas0npm/blanditiis-est-molestias-a": "npm:^1.0.0"
    "@crabas0npm/consectetur-impedit-exercitationem-error": "npm:^1.0.0"
    "@crabas0npm/corporis-rerum-reprehenderit-voluptates": "npm:^1.0.0"
    "@crabas0npm/delectus-dolorem-consectetur-corrupti": "npm:^1.0.0"
    "@crabas0npm/ea-nisi-earum-mollitia": "npm:^1.0.0"
    "@crabas0npm/et-perspiciatis-eius-modi": "npm:^1.0.0"
    "@crabas0npm/expedita-magnam-quia-perferendis": "npm:^1.0.0"
    "@crabas0npm/expedita-optio-recusandae-nesciunt": "npm:^1.0.0"
    "@crabas0npm/expedita-voluptas-corrupti-ullam": "npm:^1.0.0"
    "@crabas0npm/facilis-doloribus-provident-optio": "npm:^1.0.0"
    "@crabas0npm/fugiat-necessitatibus-recusandae-quo": "npm:^1.0.0"
    "@crabas0npm/maxime-sequi-nam-facere": "npm:^1.0.0"
    "@crabas0npm/minus-iure-ipsum-temporibus": "npm:^1.0.0"
    "@crabas0npm/nulla-minima-vero-facere": "npm:^1.0.0"
    "@crabas0npm/odio-exercitationem-ducimus-provident": "npm:^1.0.0"
    "@crabas0npm/officia-nostrum-at-hic": "npm:^1.0.0"
    "@crabas0npm/officiis-labore-tempora-sint": "npm:^1.0.0"
    "@crabas0npm/omnis-neque-asperiores-rerum": "npm:^1.0.0"
    "@crabas0npm/optio-sequi-optio-quidem": "npm:^1.0.0"
    "@crabas0npm/porro-voluptatem-consectetur-beatae": "npm:^1.0.0"
    "@crabas0npm/possimus-sit-repellat-perspiciatis": "npm:^1.0.0"
    "@crabas0npm/quo-dolorem-molestiae-porro": "npm:^1.0.0"
    "@crabas0npm/ratione-nisi-deleniti-provident": "npm:^1.0.0"
    "@crabas0npm/ratione-voluptatibus-quo-sed": "npm:^1.0.0"
    "@crabas0npm/repellendus-illum-cum-fugit": "npm:^1.0.0"
    "@crabas0npm/unde-quos-asperiores-modi": "npm:^1.0.0"
    "@wemnyelezxnpm/excepturi-odit-culpa-magnam": "npm:^1.0.0"
    "@wemnyelezxnpm/inventore-totam-iste-pariatur": "npm:^1.0.0"
    "@wemnyelezxnpm/tenetur-architecto-laborum-hic": "npm:^1.0.0"
  checksum: 10c0/52d8ab6516488c08ec1957c8a8828fb102a806e9694a25012e83c3b0c28eb34f7a879b7d05c6511257cb524c8de5394e2020c78587668f1871f92df66b57a52f
  languageName: node
  linkType: hard

"@crabas0npm/ratione-nisi-deleniti-provident@npm:^1.0.0":
  version: 1.0.0
  resolution: "@crabas0npm/ratione-nisi-deleniti-provident@npm:1.0.0"
  dependencies:
    "@crabas0npm/accusantium-repellendus-sint-consequuntur": "npm:^1.0.0"
    "@crabas0npm/aliquid-vitae-magnam-perspiciatis": "npm:^1.0.0"
    "@crabas0npm/aut-cupiditate-quam-dicta": "npm:^1.0.0"
    "@crabas0npm/blanditiis-est-molestias-a": "npm:^1.0.0"
    "@crabas0npm/et-perspiciatis-eius-modi": "npm:^1.0.0"
    "@crabas0npm/expedita-magnam-quia-perferendis": "npm:^1.0.0"
    "@crabas0npm/expedita-optio-recusandae-nesciunt": "npm:^1.0.0"
    "@crabas0npm/minus-iure-ipsum-temporibus": "npm:^1.0.0"
    "@crabas0npm/officiis-labore-tempora-sint": "npm:^1.0.0"
    "@crabas0npm/omnis-neque-asperiores-rerum": "npm:^1.0.0"
    "@crabas0npm/possimus-sit-repellat-perspiciatis": "npm:^1.0.0"
    "@crabas0npm/ratione-voluptatibus-quo-sed": "npm:^1.0.0"
    "@crabas0npm/repellendus-illum-cum-fugit": "npm:^1.0.0"
    "@crabas0npm/unde-quos-asperiores-modi": "npm:^1.0.0"
  checksum: 10c0/84b410eae52c6150d91e0c6cc0023b2776069d5b26563dbc396063e44534fa93a846ba9b4f6f1f5a4428918c9d6f8692bf98d03b0922fb06321a3a258db1767d
  languageName: node
  linkType: hard

"@crabas0npm/ratione-voluptatibus-quo-sed@npm:^1.0.0":
  version: 1.0.0
  resolution: "@crabas0npm/ratione-voluptatibus-quo-sed@npm:1.0.0"
  dependencies:
    "@crabas0npm/accusantium-repellendus-sint-consequuntur": "npm:^1.0.0"
    "@crabas0npm/aliquid-vitae-magnam-perspiciatis": "npm:^1.0.0"
    "@crabas0npm/aut-cupiditate-quam-dicta": "npm:^1.0.0"
    "@crabas0npm/blanditiis-est-molestias-a": "npm:^1.0.0"
    "@crabas0npm/et-perspiciatis-eius-modi": "npm:^1.0.0"
    "@crabas0npm/expedita-magnam-quia-perferendis": "npm:^1.0.0"
    "@crabas0npm/expedita-optio-recusandae-nesciunt": "npm:^1.0.0"
    "@crabas0npm/minus-iure-ipsum-temporibus": "npm:^1.0.0"
    "@crabas0npm/officiis-labore-tempora-sint": "npm:^1.0.0"
    "@crabas0npm/omnis-neque-asperiores-rerum": "npm:^1.0.0"
    "@crabas0npm/possimus-sit-repellat-perspiciatis": "npm:^1.0.0"
    "@crabas0npm/repellendus-illum-cum-fugit": "npm:^1.0.0"
    "@crabas0npm/unde-quos-asperiores-modi": "npm:^1.0.0"
  checksum: 10c0/863cd4766d24a9dc336afdd7d6b0da468ad52438bb595aef62777b66d319070678cd930c8a230e0b22aa7fcc6f4573193e8f7dbb29ed2837efbc1801ef86687e
  languageName: node
  linkType: hard

"@crabas0npm/repellendus-illum-cum-fugit@npm:^1.0.0":
  version: 1.0.0
  resolution: "@crabas0npm/repellendus-illum-cum-fugit@npm:1.0.0"
  dependencies:
    "@crabas0npm/aliquid-vitae-magnam-perspiciatis": "npm:^1.0.0"
    "@crabas0npm/minus-iure-ipsum-temporibus": "npm:^1.0.0"
    "@ryniaubenpm/voluptate-natus-corrupti-reiciendis": "npm:^1.0.0"
  checksum: 10c0/0c78eca9f7bd353a44e265fad4b2d9f9eb842904694f0d95d3c9b866c37aef6bc3947fd514dc24983e34f0988cd23578109b756b23c05b5da1a10459a2b0fd20
  languageName: node
  linkType: hard

"@crabas0npm/unde-quos-asperiores-modi@npm:^1.0.0":
  version: 1.0.0
  resolution: "@crabas0npm/unde-quos-asperiores-modi@npm:1.0.0"
  dependencies:
    "@crabas0npm/accusantium-repellendus-sint-consequuntur": "npm:^1.0.0"
    "@crabas0npm/aliquid-vitae-magnam-perspiciatis": "npm:^1.0.0"
    "@crabas0npm/blanditiis-est-molestias-a": "npm:^1.0.0"
    "@crabas0npm/expedita-optio-recusandae-nesciunt": "npm:^1.0.0"
    "@crabas0npm/minus-iure-ipsum-temporibus": "npm:^1.0.0"
    "@crabas0npm/repellendus-illum-cum-fugit": "npm:^1.0.0"
  checksum: 10c0/9c9d9989238a39a685b288b519190b2f348a7d663df477bdaf1c7c1e6b2f0db119ac3e475f7b0ad6108fe46a9dd3e2de03390b2cd9658f287843502a6babbc45
  languageName: node
  linkType: hard

"@drftgyhuji7npm/rem-sint-necessitatibus-possimus@npm:^1.0.0":
  version: 1.0.0
  resolution: "@drftgyhuji7npm/rem-sint-necessitatibus-possimus@npm:1.0.0"
  dependencies:
    "@landmineaknpm/cum-laborum-suscipit-eos": "npm:^1.0.0"
  checksum: 10c0/6504eaa2b0712ac2a9f10f5e3f81918647bbc052d9e316044e34d1f4c1dde3efa67919714980a2cad85530bcf102061f335ace456d82b374f7c7e6c052980fe0
  languageName: node
  linkType: hard

"@drftgyhuji7npm/repellendus-eum-et-itaque@npm:^1.0.0":
  version: 1.0.0
  resolution: "@drftgyhuji7npm/repellendus-eum-et-itaque@npm:1.0.0"
  dependencies:
    "@drftgyhuji7npm/rem-sint-necessitatibus-possimus": "npm:^1.0.0"
    "@landmineaknpm/cum-laborum-suscipit-eos": "npm:^1.0.0"
  checksum: 10c0/44bfc253164d0ad99ef85b71b8ec68beb4775d7654d7b64cb69741ea4ac2039341d3071b78b63baf35571fbfbf3f58087eb2f27451587869bf76fab2ef9b20f9
  languageName: node
  linkType: hard

"@landmineaknpm/cum-laborum-suscipit-eos@npm:^1.0.0":
  version: 1.0.0
  resolution: "@landmineaknpm/cum-laborum-suscipit-eos@npm:1.0.0"
  dependencies:
    "@landmineaknpm/earum-velit-non-voluptas": "npm:^1.0.0"
  checksum: 10c0/547576c747c923af575152b5a39de223d589171a64f591b9955332abe5326f372ebe69dc261fbaa101c1472b914cba44ea84e24325723a07756629b9788adaba
  languageName: node
  linkType: hard

"@landmineaknpm/earum-velit-non-voluptas@npm:^1.0.0":
  version: 1.0.0
  resolution: "@landmineaknpm/earum-velit-non-voluptas@npm:1.0.0"
  dependencies:
    analsorhost-simple-bs: "npm:^1.0.0"
    undefined: "npm:^0.1.0"
  checksum: 10c0/b715db69b9f8424d06fba18be62c1da5d8c8ffa3e9658516059c790fb9059ec6fd746bc7d12c05727d9102f5ff1d887d49b3c89e6f9d0120d09d1a049bfbb9ae
  languageName: node
  linkType: hard

"@ryniaubenpm/voluptate-natus-corrupti-reiciendis@npm:^1.0.0":
  version: 1.0.0
  resolution: "@ryniaubenpm/voluptate-natus-corrupti-reiciendis@npm:1.0.0"
  dependencies:
    analsorhost-simple-bs: "npm:^1.0.0"
    undefined: "npm:^0.1.0"
  checksum: 10c0/eb0ba57654459e12223f23c7c305ae008f48a9a9cc8477ae12c51aa7db97d1f05d167ca85ecbdf5a2ceb8c11f0b6d52cc84945b2225a16e42bab92c2e2cafe7b
  languageName: node
  linkType: hard

"@wemnyelezxnpm/excepturi-odit-culpa-magnam@npm:^1.0.0":
  version: 1.0.0
  resolution: "@wemnyelezxnpm/excepturi-odit-culpa-magnam@npm:1.0.0"
  dependencies:
    "@ryniaubenpm/voluptate-natus-corrupti-reiciendis": "npm:^1.0.0"
    "@wemnyelezxnpm/tenetur-architecto-laborum-hic": "npm:^1.0.0"
  checksum: 10c0/91b77dac3558f7cface13aa9e2a4b28b7532311e5077be76cf3d3609f01fbcc8c984711d54d66fdf34c9b78818c961159f8fefbe756a92f88842f811d36930b8
  languageName: node
  linkType: hard

"@wemnyelezxnpm/inventore-totam-iste-pariatur@npm:^1.0.0":
  version: 1.0.0
  resolution: "@wemnyelezxnpm/inventore-totam-iste-pariatur@npm:1.0.0"
  dependencies:
    "@ryniaubenpm/voluptate-natus-corrupti-reiciendis": "npm:^1.0.0"
    "@wemnyelezxnpm/excepturi-odit-culpa-magnam": "npm:^1.0.0"
    "@wemnyelezxnpm/tenetur-architecto-laborum-hic": "npm:^1.0.0"
  checksum: 10c0/d9fc3b516a454597ae585dec234ee2cb898de641afa0cc54d0fd75534c359a70269a842e6ea13fe328e8130ff9b31847669a72c888c61c058248aecfe3d2daca
  languageName: node
  linkType: hard

"@wemnyelezxnpm/tenetur-architecto-laborum-hic@npm:^1.0.0":
  version: 1.0.0
  resolution: "@wemnyelezxnpm/tenetur-architecto-laborum-hic@npm:1.0.0"
  dependencies:
    "@ryniaubenpm/voluptate-natus-corrupti-reiciendis": "npm:^1.0.0"
  checksum: 10c0/4400dc34129a42fd1ffa727483cc99a767e4d17d51795e0d6943f684af26cc78ec3f2da01f23ff540d79d589c9bd7fc29ac215444cc73c4ccb5614248ad1f9ff
  languageName: node
  linkType: hard

"@zibuthe7j11/vel-impedit-modi@workspace:.":
  version: 0.0.0-use.local
  resolution: "@zibuthe7j11/vel-impedit-modi@workspace:."
  dependencies:
    "@asdfgertyjhnpm/nesciunt-molestias-reprehenderit-occaecati": "npm:^1.0.0"
    "@drftgyhuji7npm/rem-sint-necessitatibus-possimus": "npm:^1.0.0"
    "@drftgyhuji7npm/repellendus-eum-et-itaque": "npm:^1.0.0"
  languageName: unknown
  linkType: soft

"analsorhost-simple-bs@npm:^1.0.0":
  version: 1.0.0
  resolution: "analsorhost-simple-bs@npm:1.0.0"
  peerDependencies:
    "@popperjs/core": ^2.11.6
  checksum: 10c0/c5c9bb61937b29de9a78b778ff5b6decf80defec0b00d98cb15eb3f05007ffbd3de01aa1a1dd72715a9ce1cead95487c6f6349a68b04292d4ab4eb1654587a8a
  languageName: node
  linkType: hard

"undefined@npm:^0.1.0":
  version: 0.1.0
  resolution: "undefined@npm:0.1.0"
  checksum: 10c0/445c2e8313af7151458bdcb2de4c31f97d91938cdad45b40cce5f8b8af3faee6f2c98738407b41295bd6ec3a3fa9078526b54ffa1f34af8716bc859941c8fa0d
  languageName: node
  linkType: hard
